
Microsoft Visual Studio Solution File, Format Version 12.00
# Visual Studio 15
VisualStudioVersion = 15.0.26124.0
MinimumVisualStudioVersion = 15.0.26124.0
Project("{FAE04EC0-301F-11D3-BF4B-00C04F79EFBC}") = "entities", "entities\entities.csproj", "{6398AC30-E5A3-43D4-9629-2AFDF763838B}"
EndProject
Project("{FAE04EC0-301F-11D3-BF4B-00C04F79EFBC}") = "tests", "tests\tests.csproj", "{56B115B1-1E48-4C9D-8CA2-20B7E785ABCB}"
EndProject
Project("{FAE04EC0-301F-11D3-BF4B-00C04F79EFBC}") = "interfaces", "interfaces\interfaces.csproj", "{0BF48ABD-3CFC-4BFA-BC65-41A135B1B31A}"
EndProject
Project("{FAE04EC0-301F-11D3-BF4B-00C04F79EFBC}") = "businesslogic", "businesslogic\businesslogic.csproj", "{61CD24FE-9B9D-4993-9903-0EEB363AF257}"
EndProject
Project("{FAE04EC0-301F-11D3-BF4B-00C04F79EFBC}") = "services", "services\services.csproj", "{8EE81625-598F-4EC5-9BEF-5668BDDA640D}"
EndProject
Global
	GlobalSection(SolutionConfigurationPlatforms) = preSolution
		Debug|Any CPU = Debug|Any CPU
		Debug|x64 = Debug|x64
		Debug|x86 = Debug|x86
		Release|Any CPU = Release|Any CPU
		Release|x64 = Release|x64
		Release|x86 = Release|x86
	EndGlobalSection
	GlobalSection(SolutionProperties) = preSolution
		HideSolutionNode = FALSE
	EndGlobalSection
	GlobalSection(ProjectConfigurationPlatforms) = postSolution
		{6398AC30-E5A3-43D4-9629-2AFDF763838B}.Debug|Any CPU.ActiveCfg = Debug|Any CPU
		{6398AC30-E5A3-43D4-9629-2AFDF763838B}.Debug|Any CPU.Build.0 = Debug|Any CPU
		{6398AC30-E5A3-43D4-9629-2AFDF763838B}.Debug|x64.ActiveCfg = Debug|x64
		{6398AC30-E5A3-43D4-9629-2AFDF763838B}.Debug|x64.Build.0 = Debug|x64
		{6398AC30-E5A3-43D4-9629-2AFDF763838B}.Debug|x86.ActiveCfg = Debug|x86
		{6398AC30-E5A3-43D4-9629-2AFDF763838B}.Debug|x86.Build.0 = Debug|x86
		{6398AC30-E5A3-43D4-9629-2AFDF763838B}.Release|Any CPU.ActiveCfg = Release|Any CPU
		{6398AC30-E5A3-43D4-9629-2AFDF763838B}.Release|Any CPU.Build.0 = Release|Any CPU
		{6398AC30-E5A3-43D4-9629-2AFDF763838B}.Release|x64.ActiveCfg = Release|x64
		{6398AC30-E5A3-43D4-9629-2AFDF763838B}.Release|x64.Build.0 = Release|x64
		{6398AC30-E5A3-43D4-9629-2AFDF763838B}.Release|x86.ActiveCfg = Release|x86
		{6398AC30-E5A3-43D4-9629-2AFDF763838B}.Release|x86.Build.0 = Release|x86
		{56B115B1-1E48-4C9D-8CA2-20B7E785ABCB}.Debug|Any CPU.ActiveCfg = Debug|Any CPU
		{56B115B1-1E48-4C9D-8CA2-20B7E785ABCB}.Debug|Any CPU.Build.0 = Debug|Any CPU
		{56B115B1-1E48-4C9D-8CA2-20B7E785ABCB}.Debug|x64.ActiveCfg = Debug|x64
		{56B115B1-1E48-4C9D-8CA2-20B7E785ABCB}.Debug|x64.Build.0 = Debug|x64
		{56B115B1-1E48-4C9D-8CA2-20B7E785ABCB}.Debug|x86.ActiveCfg = Debug|x86
		{56B115B1-1E48-4C9D-8CA2-20B7E785ABCB}.Debug|x86.Build.0 = Debug|x86
		{56B115B1-1E48-4C9D-8CA2-20B7E785ABCB}.Release|Any CPU.ActiveCfg = Release|Any CPU
		{56B115B1-1E48-4C9D-8CA2-20B7E785ABCB}.Release|Any CPU.Build.0 = Release|Any CPU
		{56B115B1-1E48-4C9D-8CA2-20B7E785ABCB}.Release|x64.ActiveCfg = Release|x64
		{56B115B1-1E48-4C9D-8CA2-20B7E785ABCB}.Release|x64.Build.0 = Release|x64
		{56B115B1-1E48-4C9D-8CA2-20B7E785ABCB}.Release|x86.ActiveCfg = Release|x86
		{56B115B1-1E48-4C9D-8CA2-20B7E785ABCB}.Release|x86.Build.0 = Release|x86
		{0BF48ABD-3CFC-4BFA-BC65-41A135B1B31A}.Debug|Any CPU.ActiveCfg = Debug|Any CPU
		{0BF48ABD-3CFC-4BFA-BC65-41A135B1B31A}.Debug|Any CPU.Build.0 = Debug|Any CPU
		{0BF48ABD-3CFC-4BFA-BC65-41A135B1B31A}.Debug|x64.ActiveCfg = Debug|x64
		{0BF48ABD-3CFC-4BFA-BC65-41A135B1B31A}.Debug|x64.Build.0 = Debug|x64
		{0BF48ABD-3CFC-4BFA-BC65-41A135B1B31A}.Debug|x86.ActiveCfg = Debug|x86
		{0BF48ABD-3CFC-4BFA-BC65-41A135B1B31A}.Debug|x86.Build.0 = Debug|x86
		{0BF48ABD-3CFC-4BFA-BC65-41A135B1B31A}.Release|Any CPU.ActiveCfg = Release|Any CPU
		{0BF48ABD-3CFC-4BFA-BC65-41A135B1B31A}.Release|Any CPU.Build.0 = Release|Any CPU
		{0BF48ABD-3CFC-4BFA-BC65-41A135B1B31A}.Release|x64.ActiveCfg = Release|x64
		{0BF48ABD-3CFC-4BFA-BC65-41A135B1B31A}.Release|x64.Build.0 = Release|x64
		{0BF48ABD-3CFC-4BFA-BC65-41A135B1B31A}.Release|x86.ActiveCfg = Release|x86
		{0BF48ABD-3CFC-4BFA-BC65-41A135B1B31A}.Release|x86.Build.0 = Release|x86
		{61CD24FE-9B9D-4993-9903-0EEB363AF257}.Debug|Any CPU.ActiveCfg = Debug|Any CPU
		{61CD24FE-9B9D-4993-9903-0EEB363AF257}.Debug|Any CPU.Build.0 = Debug|Any CPU
		{61CD24FE-9B9D-4993-9903-0EEB363AF257}.Debug|x64.ActiveCfg = Debug|x64
		{61CD24FE-9B9D-4993-9903-0EEB363AF257}.Debug|x64.Build.0 = Debug|x64
		{61CD24FE-9B9D-4993-9903-0EEB363AF257}.Debug|x86.ActiveCfg = Debug|x86
		{61CD24FE-9B9D-4993-9903-0EEB363AF257}.Debug|x86.Build.0 = Debug|x86
		{61CD24FE-9B9D-4993-9903-0EEB363AF257}.Release|Any CPU.ActiveCfg = Release|Any CPU
		{61CD24FE-9B9D-4993-9903-0EEB363AF257}.Release|Any CPU.Build.0 = Release|Any CPU
		{61CD24FE-9B9D-4993-9903-0EEB363AF257}.Release|x64.ActiveCfg = Release|x64
		{61CD24FE-9B9D-4993-9903-0EEB363AF257}.Release|x64.Build.0 = Release|x64
		{61CD24FE-9B9D-4993-9903-0EEB363AF257}.Release|x86.ActiveCfg = Release|x86
		{61CD24FE-9B9D-4993-9903-0EEB363AF257}.Release|x86.Build.0 = Release|x86
		{8EE81625-598F-4EC5-9BEF-5668BDDA640D}.Debug|Any CPU.ActiveCfg = Debug|Any CPU
		{8EE81625-598F-4EC5-9BEF-5668BDDA640D}.Debug|Any CPU.Build.0 = Debug|Any CPU
		{8EE81625-598F-4EC5-9BEF-5668BDDA640D}.Debug|x64.ActiveCfg = Debug|x64
		{8EE81625-598F-4EC5-9BEF-5668BDDA640D}.Debug|x64.Build.0 = Debug|x64
		{8EE81625-598F-4EC5-9BEF-5668BDDA640D}.Debug|x86.ActiveCfg = Debug|x86
		{8EE81625-598F-4EC5-9BEF-5668BDDA640D}.Debug|x86.Build.0 = Debug|x86
		{8EE81625-598F-4EC5-9BEF-5668BDDA640D}.Release|Any CPU.ActiveCfg = Release|Any CPU
		{8EE81625-598F-4EC5-9BEF-5668BDDA640D}.Release|Any CPU.Build.0 = Release|Any CPU
		{8EE81625-598F-4EC5-9BEF-5668BDDA640D}.Release|x64.ActiveCfg = Release|x64
		{8EE81625-598F-4EC5-9BEF-5668BDDA640D}.Release|x64.Build.0 = Release|x64
		{8EE81625-598F-4EC5-9BEF-5668BDDA640D}.Release|x86.ActiveCfg = Release|x86
		{8EE81625-598F-4EC5-9BEF-5668BDDA640D}.Release|x86.Build.0 = Release|x86
	EndGlobalSection
EndGlobal
